<Solution>
  <Folder Name="/src/" />
  <Folder Name="/src/Application/">
    <Project Path="WBAPI.Application/WBAPI.Application.csproj" />
  </Folder>
  <Folder Name="/src/Domain/">
    <Project Path="WBAPI.Domain/WBAPI.Domain.csproj" />
  </Folder>
  <Folder Name="/src/Infrastructure/">
    <Project Path="WBAPI.Insfrastructure/WBAPI.Infrastructure.csproj" />
  </Folder>
  <Folder Name="/src/Presentation/">
    <Project Path="WBAPI.WebAPI/WBAPI.WebAPI.csproj" />
  </Folder>
  <Folder Name="/Tests/" />
  <Folder Name="/Tests/IntegrationTests/">
    <Project Path="WBAPI.WebAPI.IntegrationTests/WBAPI.WebAPI.IntegrationTests.csproj" Id="b6408ed4-400e-4580-b8dd-3f268b58854c" />
  </Folder>
  <Folder Name="/Tests/ManualTests/">
    <Project Path="ManualTests/ManualTests.csproj" Id="a4761c9c-ccb4-4cf0-aaf7-c234ba44aeb8" />
  </Folder>
</Solution>
